{
  "nodes": {
    "fenix": {
      "inputs": {
        "nixpkgs": [
          "nixpkgs"
        ],
        "rust-analyzer-src": "rust-analyzer-src"
      },
      "locked": {
        "lastModified": 1732170943,
        "narHash": "sha256-3qmtB25X5nxaaDL2VNlWB6OAQGVGv7xRm9tFMgJ3Jlo=",
        "owner": "nix-community",
        "repo": "fenix",
        "rev": "7db16a01bca24b46acc1677f2b86ae03b5f207f8",
        "type": "github"
      },
      "original": {
        "owner": "nix-community",
        "repo": "fenix",
        "type": "github"
      }
    },
    "nixpkgs": {
      "locked": {
        "lastModified": 1731676054,
        "narHash": "sha256-OZiZ3m8SCMfh3B6bfGC/Bm4x3qc1m2SVEAlkV6iY7Yg=",
        "path": "/nix/store/hfz1qqd0z8amlgn8qwich1dvkmldik36-source",
        "rev": "5e4fbfb6b3de1aa2872b76d49fafc942626e2add",
        "type": "path"
      },
      "original": {
        "id": "nixpkgs",
        "type": "indirect"
      }
    },
    "root": {
      "inputs": {
        "fenix": "fenix",
        "nixpkgs": "nixpkgs"
      }
    },
    "rust-analyzer-src": {
      "flake": false,
      "locked": {
        "lastModified": 1732050317,
        "narHash": "sha256-G5LUEOC4kvB/Xbkglv0Noi04HnCfryur7dVjzlHkgpI=",
        "owner": "rust-lang",
        "repo": "rust-analyzer",
        "rev": "c0bbbb3e5d7d1d1d60308c8270bfd5b250032bb4",
        "type": "github"
      },
      "original": {
        "owner": "rust-lang",
        "ref": "nightly",
        "repo": "rust-analyzer",
        "type": "github"
      }
    }
  },
  "root": "root",
  "version": 7
}
